
Microsoft Visual Studio Solution File, Format Version 12.00
# Visual Studio Version 17
VisualStudioVersion = 17.13.35825.156 d17.13
MinimumVisualStudioVersion = 10.0.40219.1
Project("{FAE04EC0-301F-11D3-BF4B-00C04F79EFBC}") = "TodoCheckerApp", "TodoCheckerApp.csproj", "{718BECEC-22F1-46C8-9374-8A179B37EC22}"
EndProject
Global
	GlobalSection(SolutionConfigurationPlatforms) = preSolution
		Debug|Any CPU = Debug|Any CPU
		Release|Any CPU = Release|Any CPU
	EndGlobalSection
	GlobalSection(ProjectConfigurationPlatforms) = postSolution
		{718BECEC-22F1-46C8-9374-8A179B37EC22}.Debug|Any CPU.ActiveCfg = Debug|Any CPU
		{718BECEC-22F1-46C8-9374-8A179B37EC22}.Debug|Any CPU.Build.0 = Debug|Any CPU
		{718BECEC-22F1-46C8-9374-8A179B37EC22}.Release|Any CPU.ActiveCfg = Release|Any CPU
		{718BECEC-22F1-46C8-9374-8A179B37EC22}.Release|Any CPU.Build.0 = Release|Any CPU
	EndGlobalSection
	GlobalSection(SolutionProperties) = preSolution
		HideSolutionNode = FALSE
	EndGlobalSection
	GlobalSection(ExtensibilityGlobals) = postSolution
		SolutionGuid = {97846714-91C2-47A3-9211-A6636FFCF622}
	EndGlobalSection
EndGlobal
